
Microsoft Visual Studio Solution File, Format Version 12.00
# Visual Studio Version 17
VisualStudioVersion = 17.7.33920.267
MinimumVisualStudioVersion = 10.0.40219.1
Project("{FAE04EC0-301F-11D3-BF4B-00C04F79EFBC}") = "comic", "comic.csproj", "{2DA33492-16B8-48FC-9A1A-879B49B7B9BE}"
EndProject
Global
	GlobalSection(SolutionConfigurationPlatforms) = preSolution
		Debug|Any CPU = Debug|Any CPU
		Release|Any CPU = Release|Any CPU
	EndGlobalSection
	GlobalSection(ProjectConfigurationPlatforms) = postSolution
		{2DA33492-16B8-48FC-9A1A-879B49B7B9BE}.Debug|Any CPU.ActiveCfg = Debug|Any CPU
		{2DA33492-16B8-48FC-9A1A-879B49B7B9BE}.Debug|Any CPU.Build.0 = Debug|Any CPU
		{2DA33492-16B8-48FC-9A1A-879B49B7B9BE}.Release|Any CPU.ActiveCfg = Release|Any CPU
		{2DA33492-16B8-48FC-9A1A-879B49B7B9BE}.Release|Any CPU.Build.0 = Release|Any CPU
	EndGlobalSection
	GlobalSection(SolutionProperties) = preSolution
		HideSolutionNode = FALSE
	EndGlobalSection
	GlobalSection(ExtensibilityGlobals) = postSolution
		SolutionGuid = {AAECC753-72B1-49A7-A5BA-B9CACA7468D7}
	EndGlobalSection
EndGlobal
